
Microsoft Visual Studio Solution File, Format Version 12.00
# Visual Studio Version 16
VisualStudioVersion = 16.0.31402.337
MinimumVisualStudioVersion = 10.0.40219.1
Project("{9A19103F-16F7-4668-BE54-9A1E7A4F7556}") = "MyGolfHandicapMVC", "MyGolfHandicapMVC\MyGolfHandicapMVC.csproj", "{A5CF3909-BCED-4BE0-9A78-91EDF22D7789}"
EndProject
Project("{9A19103F-16F7-4668-BE54-9A1E7A4F7556}") = "MyGolfHandicapCore", "..\MyGolfHandicapAPI\MyGolfHandicapCore\MyGolfHandicapCore.csproj", "{32C65951-35FC-4CA6-9234-084E89EEDB83}"
EndProject
Global
	GlobalSection(SolutionConfigurationPlatforms) = preSolution
		Debug|Any CPU = Debug|Any CPU
		Release|Any CPU = Release|Any CPU
	EndGlobalSection
	GlobalSection(ProjectConfigurationPlatforms) = postSolution
		{A5CF3909-BCED-4BE0-9A78-91EDF22D7789}.Debug|Any CPU.ActiveCfg = Debug|Any CPU
		{A5CF3909-BCED-4BE0-9A78-91EDF22D7789}.Debug|Any CPU.Build.0 = Debug|Any CPU
		{A5CF3909-BCED-4BE0-9A78-91EDF22D7789}.Release|Any CPU.ActiveCfg = Release|Any CPU
		{A5CF3909-BCED-4BE0-9A78-91EDF22D7789}.Release|Any CPU.Build.0 = Release|Any CPU
		{32C65951-35FC-4CA6-9234-084E89EEDB83}.Debug|Any CPU.ActiveCfg = Debug|Any CPU
		{32C65951-35FC-4CA6-9234-084E89EEDB83}.Debug|Any CPU.Build.0 = Debug|Any CPU
		{32C65951-35FC-4CA6-9234-084E89EEDB83}.Release|Any CPU.ActiveCfg = Release|Any CPU
		{32C65951-35FC-4CA6-9234-084E89EEDB83}.Release|Any CPU.Build.0 = Release|Any CPU
	EndGlobalSection
	GlobalSection(SolutionProperties) = preSolution
		HideSolutionNode = FALSE
	EndGlobalSection
	GlobalSection(ExtensibilityGlobals) = postSolution
		SolutionGuid = {54E8CBCA-DE5B-455D-9AEF-A642253A6C5F}
	EndGlobalSection
EndGlobal
